
Microsoft Visual Studio Solution File, Format Version 12.00
# Visual Studio Version 17
VisualStudioVersion = 17.11.35327.3
MinimumVisualStudioVersion = 10.0.40219.1
Project("{2150E333-8FDC-42A3-9474-1A3956D46DE8}") = "API", "API", "{14EF6184-BFB9-4A40-B451-D062859259D6}"
EndProject
Project("{2150E333-8FDC-42A3-9474-1A3956D46DE8}") = "DDD", "DDD", "{17A8E56B-27E9-4911-9A81-D46F6AFE8ABD}"
EndProject
Project("{2150E333-8FDC-42A3-9474-1A3956D46DE8}") = "Application", "Application", "{E9C7EDDF-4506-40B8-8DF1-4FEDEC81C1B9}"
EndProject
Project("{2150E333-8FDC-42A3-9474-1A3956D46DE8}") = "Domain", "Domain", "{B58A7823-FDD8-4F44-BAF2-4ACB96EEC8FB}"
EndProject
Project("{2150E333-8FDC-42A3-9474-1A3956D46DE8}") = "Infrastructure", "Infrastructure", "{89848B4F-585B-4A6B-8BC4-B4BC04DFBB95}"
EndProject
Project("{2150E333-8FDC-42A3-9474-1A3956D46DE8}") = "Solution Items", "Solution Items", "{2F81EADF-D923-4012-907F-37605F1E19C6}"
	ProjectSection(SolutionItems) = preProject
		docker-compose.yml = docker-compose.yml
	EndProjectSection
EndProject
Project("{9A19103F-16F7-4668-BE54-9A1E7A4F7556}") = "BibliotecaApp.API", "BibliotecaApp.API\BibliotecaApp.API.csproj", "{B59C03AC-358F-49FF-898D-BBE59DA022A0}"
EndProject
Project("{9A19103F-16F7-4668-BE54-9A1E7A4F7556}") = "BibliotecaApp.Aplication", "BibliotecaApp.Aplication\BibliotecaApp.Aplication.csproj", "{DA9826D1-CE80-4D14-8F12-351069744E82}"
EndProject
Project("{9A19103F-16F7-4668-BE54-9A1E7A4F7556}") = "BibliotecaApp.Domain", "BibliotecaApp.Domain\BibliotecaApp.Domain.csproj", "{DE377B23-8E05-44AC-ADC2-8F317E60FCF8}"
EndProject
Project("{9A19103F-16F7-4668-BE54-9A1E7A4F7556}") = "BibliotecaApp.Infra.Data", "BibliotecaApp.Infra.Data\BibliotecaApp.Infra.Data.csproj", "{8E1EDE08-BB54-4156-BB6D-BBB854100E8D}"
EndProject
Project("{2150E333-8FDC-42A3-9474-1A3956D46DE8}") = "Test", "Test", "{A5E6A1E0-169C-425D-8ABF-95A976631318}"
EndProject
Project("{2150E333-8FDC-42A3-9474-1A3956D46DE8}") = "Test", "Test", "{2C9E7453-ECED-43AE-87B5-48D7C21059E6}"
EndProject
Project("{2150E333-8FDC-42A3-9474-1A3956D46DE8}") = "Test", "Test", "{C43E7F8C-0CF0-41B2-97CA-E08F9ADD3C66}"
EndProject
Project("{FAE04EC0-301F-11D3-BF4B-00C04F79EFBC}") = "BibliotecaApp.Application.Tests", "BibliotecaApp.Application.Tests\BibliotecaApp.Application.Tests.csproj", "{D723CDBB-764B-44E8-9F42-30F9BFA5AD33}"
EndProject
Project("{9A19103F-16F7-4668-BE54-9A1E7A4F7556}") = "BibliotecaApp.Infra.Data.Test", "BibliotecaApp.Infra.Data.Test\BibliotecaApp.Infra.Data.Test.csproj", "{17B1574F-B30E-426F-BA49-ECC200A90C7A}"
EndProject
Project("{9A19103F-16F7-4668-BE54-9A1E7A4F7556}") = "BibliotecaAPP.IntegrationTest", "BibliotecaAPP.IntegrationTest\BibliotecaAPP.IntegrationTest.csproj", "{274DE7F7-3F19-4769-A05F-13611738EED6}"
EndProject
Global
	GlobalSection(SolutionConfigurationPlatforms) = preSolution
		Debug|Any CPU = Debug|Any CPU
		Release|Any CPU = Release|Any CPU
	EndGlobalSection
	GlobalSection(ProjectConfigurationPlatforms) = postSolution
		{B59C03AC-358F-49FF-898D-BBE59DA022A0}.Debug|Any CPU.ActiveCfg = Debug|Any CPU
		{B59C03AC-358F-49FF-898D-BBE59DA022A0}.Debug|Any CPU.Build.0 = Debug|Any CPU
		{B59C03AC-358F-49FF-898D-BBE59DA022A0}.Release|Any CPU.ActiveCfg = Release|Any CPU
		{B59C03AC-358F-49FF-898D-BBE59DA022A0}.Release|Any CPU.Build.0 = Release|Any CPU
		{DA9826D1-CE80-4D14-8F12-351069744E82}.Debug|Any CPU.ActiveCfg = Debug|Any CPU
		{DA9826D1-CE80-4D14-8F12-351069744E82}.Debug|Any CPU.Build.0 = Debug|Any CPU
		{DA9826D1-CE80-4D14-8F12-351069744E82}.Release|Any CPU.ActiveCfg = Release|Any CPU
		{DA9826D1-CE80-4D14-8F12-351069744E82}.Release|Any CPU.Build.0 = Release|Any CPU
		{DE377B23-8E05-44AC-ADC2-8F317E60FCF8}.Debug|Any CPU.ActiveCfg = Debug|Any CPU
		{DE377B23-8E05-44AC-ADC2-8F317E60FCF8}.Debug|Any CPU.Build.0 = Debug|Any CPU
		{DE377B23-8E05-44AC-ADC2-8F317E60FCF8}.Release|Any CPU.ActiveCfg = Release|Any CPU
		{DE377B23-8E05-44AC-ADC2-8F317E60FCF8}.Release|Any CPU.Build.0 = Release|Any CPU
		{8E1EDE08-BB54-4156-BB6D-BBB854100E8D}.Debug|Any CPU.ActiveCfg = Debug|Any CPU
		{8E1EDE08-BB54-4156-BB6D-BBB854100E8D}.Debug|Any CPU.Build.0 = Debug|Any CPU
		{8E1EDE08-BB54-4156-BB6D-BBB854100E8D}.Release|Any CPU.ActiveCfg = Release|Any CPU
		{8E1EDE08-BB54-4156-BB6D-BBB854100E8D}.Release|Any CPU.Build.0 = Release|Any CPU
		{D723CDBB-764B-44E8-9F42-30F9BFA5AD33}.Debug|Any CPU.ActiveCfg = Debug|Any CPU
		{D723CDBB-764B-44E8-9F42-30F9BFA5AD33}.Debug|Any CPU.Build.0 = Debug|Any CPU
		{D723CDBB-764B-44E8-9F42-30F9BFA5AD33}.Release|Any CPU.ActiveCfg = Release|Any CPU
		{D723CDBB-764B-44E8-9F42-30F9BFA5AD33}.Release|Any CPU.Build.0 = Release|Any CPU
		{17B1574F-B30E-426F-BA49-ECC200A90C7A}.Debug|Any CPU.ActiveCfg = Debug|Any CPU
		{17B1574F-B30E-426F-BA49-ECC200A90C7A}.Debug|Any CPU.Build.0 = Debug|Any CPU
		{17B1574F-B30E-426F-BA49-ECC200A90C7A}.Release|Any CPU.ActiveCfg = Release|Any CPU
		{17B1574F-B30E-426F-BA49-ECC200A90C7A}.Release|Any CPU.Build.0 = Release|Any CPU
		{274DE7F7-3F19-4769-A05F-13611738EED6}.Debug|Any CPU.ActiveCfg = Debug|Any CPU
		{274DE7F7-3F19-4769-A05F-13611738EED6}.Debug|Any CPU.Build.0 = Debug|Any CPU
		{274DE7F7-3F19-4769-A05F-13611738EED6}.Release|Any CPU.ActiveCfg = Release|Any CPU
		{274DE7F7-3F19-4769-A05F-13611738EED6}.Release|Any CPU.Build.0 = Release|Any CPU
	EndGlobalSection
	GlobalSection(SolutionProperties) = preSolution
		HideSolutionNode = FALSE
	EndGlobalSection
	GlobalSection(NestedProjects) = preSolution
		{E9C7EDDF-4506-40B8-8DF1-4FEDEC81C1B9} = {17A8E56B-27E9-4911-9A81-D46F6AFE8ABD}
		{B58A7823-FDD8-4F44-BAF2-4ACB96EEC8FB} = {17A8E56B-27E9-4911-9A81-D46F6AFE8ABD}
		{89848B4F-585B-4A6B-8BC4-B4BC04DFBB95} = {17A8E56B-27E9-4911-9A81-D46F6AFE8ABD}
		{B59C03AC-358F-49FF-898D-BBE59DA022A0} = {14EF6184-BFB9-4A40-B451-D062859259D6}
		{DA9826D1-CE80-4D14-8F12-351069744E82} = {E9C7EDDF-4506-40B8-8DF1-4FEDEC81C1B9}
		{DE377B23-8E05-44AC-ADC2-8F317E60FCF8} = {B58A7823-FDD8-4F44-BAF2-4ACB96EEC8FB}
		{8E1EDE08-BB54-4156-BB6D-BBB854100E8D} = {89848B4F-585B-4A6B-8BC4-B4BC04DFBB95}
		{A5E6A1E0-169C-425D-8ABF-95A976631318} = {89848B4F-585B-4A6B-8BC4-B4BC04DFBB95}
		{2C9E7453-ECED-43AE-87B5-48D7C21059E6} = {B58A7823-FDD8-4F44-BAF2-4ACB96EEC8FB}
		{C43E7F8C-0CF0-41B2-97CA-E08F9ADD3C66} = {E9C7EDDF-4506-40B8-8DF1-4FEDEC81C1B9}
		{D723CDBB-764B-44E8-9F42-30F9BFA5AD33} = {C43E7F8C-0CF0-41B2-97CA-E08F9ADD3C66}
		{17B1574F-B30E-426F-BA49-ECC200A90C7A} = {A5E6A1E0-169C-425D-8ABF-95A976631318}
		{274DE7F7-3F19-4769-A05F-13611738EED6} = {2C9E7453-ECED-43AE-87B5-48D7C21059E6}
	EndGlobalSection
	GlobalSection(ExtensibilityGlobals) = postSolution
		SolutionGuid = {05D7EE72-6B47-4BF0-9929-24B04DFD4FEF}
	EndGlobalSection
EndGlobal
